<?xml version="1.0" encoding="utf-8"?>
<Project ToolsVersion="4.0" xmlns="http://schemas.microsoft.com/developer/msbuild/2003">
  <ItemGroup>
    <Filter Include="來源檔案">
      <UniqueIdentifier>{4FC737F1-C7A5-4376-A066-2A32D752A2FF}</UniqueIdentifier>
      <Extensions>cpp;c;cc;cxx;c++;cppm;ixx;def;odl;idl;hpj;bat;asm;asmx</Extensions>
    </Filter>
    <Filter Include="標頭檔">
      <UniqueIdentifier>{93995380-89BD-4b04-88EB-625FBE52EBFB}</UniqueIdentifier>
      <Extensions>h;hh;hpp;hxx;h++;hm;inl;inc;ipp;xsd</Extensions>
    </Filter>
    <Filter Include="資源檔">
      <UniqueIdentifier>{67DA6AB6-F800-4c08-8B7A-83BB121AAD01}</UniqueIdentifier>
      <Extensions>rc;ico;cur;bmp;dlg;rc2;rct;bin;rgs;gif;jpg;jpeg;jpe;resx;tiff;tif;png;wav;mfcribbon-ms</Extensions>
    </Filter>
  </ItemGroup>
  <ItemGroup>
    <ClCompile Include="..\..\..\Desktop\Happy 2\dungeon\Dungeon\Dungeon\Dungeon.cpp">
      <Filter>資源檔</Filter>
    </ClCompile>
    <ClCompile Include="..\..\..\Desktop\Happy 2\dungeon\Dungeon\Dungeon\Room.cpp">
      <Filter>資源檔</Filter>
    </ClCompile>
    <ClCompile Include="..\..\..\Desktop\Happy 2\dungeon\Dungeon\Dungeon\Record.cpp">
      <Filter>資源檔</Filter>
    </ClCompile>
    <ClCompile Include="..\..\..\Desktop\Happy 2\dungeon\Dungeon\Dungeon\Player.cpp">
      <Filter>資源檔</Filter>
    </ClCompile>
    <ClCompile Include="..\..\..\Desktop\Happy 2\dungeon\Dungeon\Dungeon\Object.cpp">
      <Filter>資源檔</Filter>
    </ClCompile>
    <ClCompile Include="..\..\..\Desktop\Happy 2\dungeon\Dungeon\Dungeon\NPC.cpp">
      <Filter>資源檔</Filter>
    </ClCompile>
    <ClCompile Include="..\..\..\Desktop\Happy 2\dungeon\Dungeon\Dungeon\Monster.cpp">
      <Filter>資源檔</Filter>
    </ClCompile>
    <ClCompile Include="..\..\..\Desktop\Happy 2\dungeon\Dungeon\Dungeon\main.cpp">
      <Filter>資源檔</Filter>
    </ClCompile>
    <ClCompile Include="..\..\..\Desktop\Happy 2\dungeon\Dungeon\Dungeon\Item.cpp">
      <Filter>資源檔</Filter>
    </ClCompile>
    <ClCompile Include="..\..\..\Desktop\Happy 2\dungeon\Dungeon\Dungeon\GameCharacter.cpp">
      <Filter>資源檔</Filter>
    </ClCompile>
  </ItemGroup>
  <ItemGroup>
    <ClInclude Include="..\..\..\Desktop\Happy 2\dungeon\Dungeon\Dungeon\Dungeon.h">
      <Filter>標頭檔</Filter>
    </ClInclude>
    <ClInclude Include="..\..\..\Desktop\Happy 2\dungeon\Dungeon\Dungeon\Room.h">
      <Filter>標頭檔</Filter>
    </ClInclude>
    <ClInclude Include="..\..\..\Desktop\Happy 2\dungeon\Dungeon\Dungeon\Record.h">
      <Filter>標頭檔</Filter>
    </ClInclude>
    <ClInclude Include="..\..\..\Desktop\Happy 2\dungeon\Dungeon\Dungeon\Player.h">
      <Filter>標頭檔</Filter>
    </ClInclude>
    <ClInclude Include="..\..\..\Desktop\Happy 2\dungeon\Dungeon\Dungeon\Object.h">
      <Filter>標頭檔</Filter>
    </ClInclude>
    <ClInclude Include="..\..\..\Desktop\Happy 2\dungeon\Dungeon\Dungeon\NPC.h">
      <Filter>標頭檔</Filter>
    </ClInclude>
    <ClInclude Include="..\..\..\Desktop\Happy 2\dungeon\Dungeon\Dungeon\Monster.h">
      <Filter>標頭檔</Filter>
    </ClInclude>
    <ClInclude Include="..\..\..\Desktop\Happy 2\dungeon\Dungeon\Dungeon\Item.h">
      <Filter>標頭檔</Filter>
    </ClInclude>
    <ClInclude Include="..\..\..\Desktop\Happy 2\dungeon\Dungeon\Dungeon\GameCharacter.h">
      <Filter>標頭檔</Filter>
    </ClInclude>
  </ItemGroup>
  <ItemGroup>
    <Text Include="..\..\..\Desktop\Happy 2\dungeon\Dungeon\Dungeon\record_room.txt">
      <Filter>來源檔案</Filter>
    </Text>
    <Text Include="..\..\..\Desktop\Happy 2\dungeon\Dungeon\Dungeon\record_player.txt">
      <Filter>來源檔案</Filter>
    </Text>
  </ItemGroup>
</Project>